
Microsoft Visual Studio Solution File, Format Version 12.00
# Visual Studio Version 16
VisualStudioVersion = 16.0.30225.117
MinimumVisualStudioVersion = 15.0.26124.0
Project("{9A19103F-16F7-4668-BE54-9A1E7A4F7556}") = "MonoGameUtils", "MonoGameUtils\MonoGameUtils.csproj", "{B192945F-1F4F-4CC5-ABE5-16DBA943E827}"
EndProject
Global
	GlobalSection(SolutionConfigurationPlatforms) = preSolution
		Debug|Any CPU = Debug|Any CPU
		Release|Any CPU = Release|Any CPU
	EndGlobalSection
	GlobalSection(ProjectConfigurationPlatforms) = postSolution
		{B192945F-1F4F-4CC5-ABE5-16DBA943E827}.Debug|Any CPU.ActiveCfg = Debug|Any CPU
		{B192945F-1F4F-4CC5-ABE5-16DBA943E827}.Debug|Any CPU.Build.0 = Debug|Any CPU
		{B192945F-1F4F-4CC5-ABE5-16DBA943E827}.Release|Any CPU.ActiveCfg = Release|Any CPU
		{B192945F-1F4F-4CC5-ABE5-16DBA943E827}.Release|Any CPU.Build.0 = Release|Any CPU
	EndGlobalSection
	GlobalSection(SolutionProperties) = preSolution
		HideSolutionNode = FALSE
	EndGlobalSection
	GlobalSection(ExtensibilityGlobals) = postSolution
		SolutionGuid = {4EC5C4D1-C72E-45FC-9969-92C84CA0BA26}
	EndGlobalSection
EndGlobal
